
Microsoft Visual Studio Solution File, Format Version 11.00
# Visual Studio 2010
Project("{FAE04EC0-301F-11D3-BF4B-00C04F79EFBC}") = "635", "635\635.csproj", "{5447B2DA-591D-4F08-B888-DCF9D7961D1F}"
EndProject
Project("{FAE04EC0-301F-11D3-BF4B-00C04F79EFBC}") = "test", "test\test.csproj", "{82E417EE-0DB1-402B-B9C9-0547C8330818}"
EndProject
Project("{FAE04EC0-301F-11D3-BF4B-00C04F79EFBC}") = "wintest", "wintest\wintest.csproj", "{D514441D-016B-493A-BF8A-D58C4F577C6E}"
EndProject
Project("{FAE04EC0-301F-11D3-BF4B-00C04F79EFBC}") = "InfoService", "InfoService\InfoService.csproj", "{361E3C07-1385-4DB7-83DA-F86F7C752686}"
EndProject
Project("{2150E333-8FDC-42A3-9474-1A3956D46DE8}") = "Solution Items", "Solution Items", "{5822E47C-8E4D-4F94-BB0B-EEAA315B5F7A}"
	ProjectSection(SolutionItems) = preProject
		Performance1.psess = Performance1.psess
		Performance2.psess = Performance2.psess
	EndProjectSection
EndProject
Global
	GlobalSection(SubversionScc) = preSolution
		Svn-Managed = True
		Manager = AnkhSVN - Subversion Support for Visual Studio
	EndGlobalSection
	GlobalSection(SolutionConfigurationPlatforms) = preSolution
		Debug|Any CPU = Debug|Any CPU
		Debug|Mixed Platforms = Debug|Mixed Platforms
		Debug|x86 = Debug|x86
		Release|Any CPU = Release|Any CPU
		Release|Mixed Platforms = Release|Mixed Platforms
		Release|x86 = Release|x86
	EndGlobalSection
	GlobalSection(ProjectConfigurationPlatforms) = postSolution
		{5447B2DA-591D-4F08-B888-DCF9D7961D1F}.Debug|Any CPU.ActiveCfg = Debug|Any CPU
		{5447B2DA-591D-4F08-B888-DCF9D7961D1F}.Debug|Any CPU.Build.0 = Debug|Any CPU
		{5447B2DA-591D-4F08-B888-DCF9D7961D1F}.Debug|Mixed Platforms.ActiveCfg = Release|Any CPU
		{5447B2DA-591D-4F08-B888-DCF9D7961D1F}.Debug|Mixed Platforms.Build.0 = Release|Any CPU
		{5447B2DA-591D-4F08-B888-DCF9D7961D1F}.Debug|x86.ActiveCfg = Debug|Any CPU
		{5447B2DA-591D-4F08-B888-DCF9D7961D1F}.Release|Any CPU.ActiveCfg = Release|Any CPU
		{5447B2DA-591D-4F08-B888-DCF9D7961D1F}.Release|Any CPU.Build.0 = Release|Any CPU
		{5447B2DA-591D-4F08-B888-DCF9D7961D1F}.Release|Mixed Platforms.ActiveCfg = Release|Any CPU
		{5447B2DA-591D-4F08-B888-DCF9D7961D1F}.Release|Mixed Platforms.Build.0 = Release|Any CPU
		{5447B2DA-591D-4F08-B888-DCF9D7961D1F}.Release|x86.ActiveCfg = Release|Any CPU
		{82E417EE-0DB1-402B-B9C9-0547C8330818}.Debug|Any CPU.ActiveCfg = Debug|x86
		{82E417EE-0DB1-402B-B9C9-0547C8330818}.Debug|Mixed Platforms.ActiveCfg = Debug|x86
		{82E417EE-0DB1-402B-B9C9-0547C8330818}.Debug|Mixed Platforms.Build.0 = Debug|x86
		{82E417EE-0DB1-402B-B9C9-0547C8330818}.Debug|x86.ActiveCfg = Debug|x86
		{82E417EE-0DB1-402B-B9C9-0547C8330818}.Debug|x86.Build.0 = Debug|x86
		{82E417EE-0DB1-402B-B9C9-0547C8330818}.Release|Any CPU.ActiveCfg = Release|x86
		{82E417EE-0DB1-402B-B9C9-0547C8330818}.Release|Mixed Platforms.ActiveCfg = Release|x86
		{82E417EE-0DB1-402B-B9C9-0547C8330818}.Release|Mixed Platforms.Build.0 = Release|x86
		{82E417EE-0DB1-402B-B9C9-0547C8330818}.Release|x86.ActiveCfg = Release|x86
		{82E417EE-0DB1-402B-B9C9-0547C8330818}.Release|x86.Build.0 = Release|x86
		{D514441D-016B-493A-BF8A-D58C4F577C6E}.Debug|Any CPU.ActiveCfg = Debug|x86
		{D514441D-016B-493A-BF8A-D58C4F577C6E}.Debug|Mixed Platforms.ActiveCfg = Debug|x86
		{D514441D-016B-493A-BF8A-D58C4F577C6E}.Debug|Mixed Platforms.Build.0 = Debug|x86
		{D514441D-016B-493A-BF8A-D58C4F577C6E}.Debug|x86.ActiveCfg = Debug|x86
		{D514441D-016B-493A-BF8A-D58C4F577C6E}.Debug|x86.Build.0 = Debug|x86
		{D514441D-016B-493A-BF8A-D58C4F577C6E}.Release|Any CPU.ActiveCfg = Release|x86
		{D514441D-016B-493A-BF8A-D58C4F577C6E}.Release|Mixed Platforms.ActiveCfg = Release|x86
		{D514441D-016B-493A-BF8A-D58C4F577C6E}.Release|Mixed Platforms.Build.0 = Release|x86
		{D514441D-016B-493A-BF8A-D58C4F577C6E}.Release|x86.ActiveCfg = Release|x86
		{D514441D-016B-493A-BF8A-D58C4F577C6E}.Release|x86.Build.0 = Release|x86
		{361E3C07-1385-4DB7-83DA-F86F7C752686}.Debug|Any CPU.ActiveCfg = Debug|x86
		{361E3C07-1385-4DB7-83DA-F86F7C752686}.Debug|Mixed Platforms.ActiveCfg = Debug|x86
		{361E3C07-1385-4DB7-83DA-F86F7C752686}.Debug|Mixed Platforms.Build.0 = Debug|x86
		{361E3C07-1385-4DB7-83DA-F86F7C752686}.Debug|x86.ActiveCfg = Debug|x86
		{361E3C07-1385-4DB7-83DA-F86F7C752686}.Debug|x86.Build.0 = Debug|x86
		{361E3C07-1385-4DB7-83DA-F86F7C752686}.Release|Any CPU.ActiveCfg = Release|x86
		{361E3C07-1385-4DB7-83DA-F86F7C752686}.Release|Mixed Platforms.ActiveCfg = Release|x86
		{361E3C07-1385-4DB7-83DA-F86F7C752686}.Release|Mixed Platforms.Build.0 = Release|x86
		{361E3C07-1385-4DB7-83DA-F86F7C752686}.Release|x86.ActiveCfg = Release|x86
		{361E3C07-1385-4DB7-83DA-F86F7C752686}.Release|x86.Build.0 = Release|x86
	EndGlobalSection
	GlobalSection(SolutionProperties) = preSolution
		HideSolutionNode = FALSE
	EndGlobalSection
EndGlobal
